<?xml version="1.0" encoding="utf-8"?>
<Project ToolsVersion="4.0" xmlns="http://schemas.microsoft.com/developer/msbuild/2003">
  <ItemGroup>
    <Filter Include="common">
      <UniqueIdentifier>{0613a873-cce7-450c-87e8-a6803b63c7ef}</UniqueIdentifier>
    </Filter>
    <Filter Include="pathman">
      <UniqueIdentifier>{a8da2506-ccd8-41fc-bbdb-18c2a4d3ae2b}</UniqueIdentifier>
    </Filter>
  </ItemGroup>
  <ItemGroup>
    <ClCompile Include="..\..\common\src\app.cpp">
      <Filter>common</Filter>
    </ClCompile>
    <ClCompile Include="..\..\common\src\debug.cpp">
      <Filter>common</Filter>
    </ClCompile>
    <ClCompile Include="..\..\common\src\sprite_batch.cpp">
      <Filter>common</Filter>
    </ClCompile>
    <ClCompile Include="..\src\pathman.cpp">
      <Filter>pathman</Filter>
    </ClCompile>
  </ItemGroup>
  <ItemGroup>
    <ClInclude Include="..\..\common\src\app.h">
      <Filter>common</Filter>
    </ClInclude>
    <ClInclude Include="..\..\common\src\common.h">
      <Filter>common</Filter>
    </ClInclude>
    <ClInclude Include="..\..\common\src\debug.h">
      <Filter>common</Filter>
    </ClInclude>
    <ClInclude Include="..\..\common\src\sprite_batch.h">
      <Filter>common</Filter>
    </ClInclude>
    <ClInclude Include="..\..\common\src\util.h">
      <Filter>common</Filter>
    </ClInclude>
  </ItemGroup>
</Project>