<?xml version="1.0" encoding="utf-8"?>
<Project ToolsVersion="4.0" xmlns="http://schemas.microsoft.com/developer/msbuild/2003">
  <ItemGroup>
    <Filter Include="common">
      <UniqueIdentifier>{061dc87d-c574-4662-a212-5aa7075e5165}</UniqueIdentifier>
    </Filter>
    <Filter Include="pathman">
      <UniqueIdentifier>{fe594b02-e799-4683-891b-6b100123ea9f}</UniqueIdentifier>
    </Filter>
  </ItemGroup>
  <ItemGroup>
    <ClCompile Include="..\..\common\src\app.cpp">
      <Filter>common</Filter>
    </ClCompile>
    <ClCompile Include="..\..\common\src\debug.cpp">
      <Filter>common</Filter>
    </ClCompile>
    <ClCompile Include="..\src\pathman.cpp">
      <Filter>pathman</Filter>
    </ClCompile>
  </ItemGroup>
  <ItemGroup>
    <ClInclude Include="..\..\common\src\app.h">
      <Filter>common</Filter>
    </ClInclude>
    <ClInclude Include="..\..\common\src\common.h">
      <Filter>common</Filter>
    </ClInclude>
    <ClInclude Include="..\..\common\src\debug.h">
      <Filter>common</Filter>
    </ClInclude>
    <ClInclude Include="..\..\common\src\util.h">
      <Filter>common</Filter>
    </ClInclude>
  </ItemGroup>
</Project>